github.com/SaveTheRbtz/fastcdc-go v0.3.0 h1:JdHvLlnijDuisYIwpRDcHZEjbxvCqtEmJ3gf35VJBgA=
github.com/SaveTheRbtz/fastcdc-go v0.3.0/go.mod h1:2kMKqvBv1h9wCaUfETqsVkSESsCiFhp4YyEHyz7/SfE=
github.com/SaveTheRbtz/zstd-seekable-format-go v0.6.2-0.20231018052958-4410daa6d511 h1:6zgbk+bj0JJLtDlrQpaEPSvWmNeRZMZpogpt2KqX2yE=
github.com/SaveTheRbtz/zstd-seekable-format-go v0.6.2-0.20231018052958-4410daa6d511/go.mod h1:/c6B1uw8h2AxDjxpuIzuH6ja+imc24EYlmE1kRqghjY=
github.com/cespare/xxhash/v2 v2.3.0 h1:UL815xU9SqsFlibzuggzjXhog7bL6oX9BbNZnL2UFvs=
github.com/cespare/xxhash/v2 v2.3.0/go.mod h1:VGX0DQ3Q6kWi7AoAeZDth3/j3BFtOZR5XLFGgcrjCOs=
github.com/davecgh/go-spew v1.1.0/go.mod h1:J7Y8YcW2NihsgmVo/mv3lAwl/skON4iLHjSsI+c5H38=
github.com/davecgh/go-spew v1.1.1 h1:vj9j/u1bqnvCEfJOwUhtlOARqs3+rkHYY13jYWTU97c=
github.com/davecgh/go-spew v1.1.1/go.mod h1:J7Y8YcW2NihsgmVo/mv3lAwl/skON4iLHjSsI+c5H38=
github.com/go-logr/logr v1.4.1 h1:pKouT5E8xu9zeFC39JXRDukb6JFQPXM5p5I91188VAQ=
github.com/go-logr/logr v1.4.1/go.mod h1:9T104GzyrTigFIr8wt5mBrctHMim0Nb2HLGrmQ40KvY=
github.com/go-task/slim-sprig v0.0.0-20230315185526-52ccab3ef572 h1:tfuBGBXKqDEevZMzYi5KSi8KkcZtzBcTgAUUtapy0OI=
github.com/go-task/slim-sprig v0.0.0-20230315185526-52ccab3ef572/go.mod h1:9Pwr4B2jHnOSGXyyzV8ROjYa2ojvAY6HCGYYfMoC3Ls=
github.com/google/btree v1.1.2 h1:xf4v41cLI2Z6FxbKm+8Bu+m8ifhj15JuZ9sa0jZCMUU=
github.com/google/btree v1.1.2/go.mod h1:qOPhT0dTNdNzV6Z/lhRX0YXUafgPLFUh+gZMl761Gm4=
github.com/google/go-cmp v0.5.6/go.mod h1:v8dTdLbMG2kIc/vJvl+f65V22dbkXbowE6jgT/gNBxE=
github.com/google/go-cmp v0.6.0 h1:ofyhxvXcZhMsU5ulbFiLKl/XBFqE1GSq7atu8tAmTRI=
github.com/google/go-cmp v0.6.0/go.mod h1:17dUlkBOakJ0+DkrSSNjCkIjxS6bF9zb3elmeNGIjoY=
github.com/google/pprof v0.0.0-20240409012703-83162a5b38cd h1:gbpYu9NMq8jhDVbvlGkMFWCjLFlqqEZjEmObmhUy6Vo=
github.com/google/pprof v0.0.0-20240409012703-83162a5b38cd/go.mod h1:kf6iHlnVGwgKolg33glAes7Yg/8iWP8ukqeldJSO7jw=
github.com/klauspost/compress v1.17.8 h1:YcnTYrq7MikUT7k0Yb5eceMmALQPYBW/Xltxn0NAMnU=
github.com/klauspost/compress v1.17.8/go.mod h1:Di0epgTjJY877eYKx5yC51cX2A2Vl2ibi7bDH9ttBbw=
github.com/mattn/go-sqlite3 v1.14.8/go.mod h1:NyWgC/yNuGj7Q9rpYnZvas74GogHl5/Z4A/KQRfk6bU=
github.com/mattn/go-sqlite3 v1.14.22 h1:2gZY6PC6kBnID23Tichd1K+Z0oS6nE/XwU+Vz/5o4kU=
github.com/mattn/go-sqlite3 v1.14.22/go.mod h1:Uh1q+B4BYcTPb+yiD3kU8Ct7aC0hY9fxUwlHK0RXw+Y=
github.com/onsi/ginkgo/v2 v2.17.1 h1:V++EzdbhI4ZV4ev0UTIj0PzhzOcReJFyJaLjtSF55M8=
github.com/onsi/ginkgo/v2 v2.17.1/go.mod h1:llBI3WDLL9Z6taip6f33H76YcWtJv+7R3HigUjbIBOs=
github.com/onsi/gomega v1.32.0 h1:JRYU78fJ1LPxlckP6Txi/EYqJvjtMrDC04/MM5XRHPk=
github.com/onsi/gomega v1.32.0/go.mod h1:a4x4gW6Pz2yK1MAmvluYme5lvYTn61afQ2ETw/8n4Lg=
github.com/pioz/faker v1.7.3 h1:Tez8Emuq0UN+/d6mo3a9m/9ZZ/zdfJk0c5RtRatrceM=
github.com/pioz/faker v1.7.3/go.mod h1:xSpay5w/oz1a6+ww0M3vfpe40pSIykeUPeWEc3TvVlc=
github.com/pmezard/go-difflib v1.0.0 h1:4DBwDE0NGyQoBHbLQYPwSUPoCMWR5BEzIk/f1lZbAQM=
github.com/pmezard/go-difflib v1.0.0/go.mod h1:iKH77koFhYxTK1pcRnkKkqfTogsbg7gZNVY4sRDYZ/4=
github.com/psanford/sqlite3vfs v0.0.0-20240315230605-24e1d98cf361 h1:vAKifIJuYY306ZJSrwDgKonWcJGELijdaenABqbV03E=
github.com/psanford/sqlite3vfs v0.0.0-20240315230605-24e1d98cf361/go.mod h1:iW4cSew5PAb1sMZiTEkVJAIBNrepaB6jTYjeP47WtI0=
github.com/stretchr/objx v0.1.0/go.mod h1:HFkY916IF+rwdDfMAkV7OtwuqBVzrE8GR6GFx+wExME=
github.com/stretchr/testify v1.6.1/go.mod h1:6Fq8oRcR53rry900zMqJjRRixrwX3KX962/h/Wwjteg=
github.com/stretchr/testify v1.8.4 h1:CcVxjf3Q8PM0mHUKJCdn+eZZtm5yQwehR5yeSVQQcUk=
github.com/stretchr/testify v1.8.4/go.mod h1:sz/lmYIOXD/1dqDmKjjqLyZ2RngseejIcXlSw2iwfAo=
go.uber.org/atomic v1.11.0 h1:ZvwS0R+56ePWxUNi+Atn9dWONBPp/AUETXlHW0DxSjE=
go.uber.org/atomic v1.11.0/go.mod h1:LUxbIzbOniOlMKjJjyPfpl4v+PKK2cNJn91OQbhoJI0=
go.uber.org/goleak v1.3.0 h1:2K3zAYmnTNqV73imy9J1T3WC+gmCePx2hEGkimedGto=
go.uber.org/goleak v1.3.0/go.mod h1:CoHD4mav9JJNrW/WLlf7HGZPjdw8EucARQHekz1X6bE=
go.uber.org/multierr v1.11.0 h1:blXXJkSxSSfBVBlC76pxqeO+LN3aDfLQo+309xJstO0=
go.uber.org/multierr v1.11.0/go.mod h1:20+QtiLqy0Nd6FdQB9TLXag12DsQkrbs3htMFfDN80Y=
go.uber.org/zap v1.27.0 h1:aJMhYGrd5QSmlpLMr2MftRKl7t8J8PTZPA732ud/XR8=
go.uber.org/zap v1.27.0/go.mod h1:GB2qFLM7cTU87MWRP2mPIjqfIDnGu+VIO4V/SdhGo2E=
golang.org/x/net v0.24.0 h1:1PcaxkF854Fu3+lvBIx5SYn9wRlBzzcnHZSiaFFAb0w=
golang.org/x/net v0.24.0/go.mod h1:2Q7sJY5mzlzWjKtYUEXSlBWCdyaioyXzRB2RtU8KVE8=
golang.org/x/sys v0.19.0 h1:q5f1RH2jigJ1MoAWp2KTp3gm5zAGFUTarQZ5U386+4o=
golang.org/x/sys v0.19.0/go.mod h1:/VUhepiaJMQUp4+oa/7Zr1D23ma6VTLIYjOOTFZPUcA=
golang.org/x/text v0.14.0 h1:ScX5w1eTa3QqT8oi6+ziP7dTV1S2+ALU0bI+0zXKWiQ=
golang.org/x/text v0.14.0/go.mod h1:18ZOQIKpY8NJVqYksKHtTdi31H5itFRjB5/qKTNYzSU=
golang.org/x/tools v0.20.0 h1:hz/CVckiOxybQvFw6h7b/q80NTr9IUQb4s1IIzW7KNY=
golang.org/x/tools v0.20.0/go.mod h1:WvitBU7JJf6A4jOdg4S1tviW9bhUxkgeCui/0JHctQg=
golang.org/x/xerrors v0.0.0-20191204190536-9bdfabe68543/go.mod h1:I/5z698sn9Ka8TeJc9MKroUUfqBBauWjQqLJ2OPfmY0=
google.golang.org/protobuf v1.33.0 h1:uNO2rsAINq/JlFpSdYEKIZ0uKD/R9cpdv0T+yoGwGmI=
google.golang.org/protobuf v1.33.0/go.mod h1:c6P6GXX6sHbq/GpV6MGZEdwhWPcYBgnhAHhKbcUYpos=
gopkg.in/check.v1 v0.0.0-20161208181325-20d25e280405 h1:yhCVgyC4o1eVCa2tZl7eS0r+SDo693bJlVdllGtEeKM=
gopkg.in/check.v1 v0.0.0-20161208181325-20d25e280405/go.mod h1:Co6ibVJAznAaIkqp8huTwlJQCZ016jof/cbN4VW5Yz0=
gopkg.in/yaml.v3 v3.0.0-20200313102051-9f266ea9e77c/go.mod h1:K4uyk7z7BCEPqu6E+C64Yfv1cQ7kz7rIZviUmN+EgEM=
gopkg.in/yaml.v3 v3.0.1 h1:fxVm/GzAzEWqLHuvctI91KS9hhNmmWOoWu0XTYJS7CA=
gopkg.in/yaml.v3 v3.0.1/go.mod h1:K4uyk7z7BCEPqu6E+C64Yfv1cQ7kz7rIZviUmN+EgEM=
howett.net/ranger v0.0.0-20171016084633-e2e137620847 h1:jHX+2Sv8rQNb1nG2G9pcQLdVoWXBLW5fcd2gnfHluCU=
howett.net/ranger v0.0.0-20171016084633-e2e137620847/go.mod h1:ZWGIG4mR6Ck+CdmFqK2/jox5vO2OAS8Qpb33HB8z0og=
